<?xml version="1.0" encoding="utf-8"?>
<Project ToolsVersion="4.0" xmlns="http://schemas.microsoft.com/developer/msbuild/2003">
  <ItemGroup>
    <ClCompile Include="src\ofApp.cpp">
      <Filter>src</Filter>
    </ClCompile>
    <ClCompile Include="src\main.cpp">
      <Filter>src</Filter>
    </ClCompile>
    <ClCompile Include="..\..\..\addons\ofxMidi\src\ofxBaseMidi.cpp">
      <Filter>addons\ofxMidi\src</Filter>
    </ClCompile>
    <ClCompile Include="..\..\..\addons\ofxMidi\src\ofxMidi.cpp">
      <Filter>addons\ofxMidi\src</Filter>
    </ClCompile>
    <ClCompile Include="..\..\..\addons\ofxMidi\src\ofxMidiIn.cpp">
      <Filter>addons\ofxMidi\src</Filter>
    </ClCompile>
    <ClCompile Include="..\..\..\addons\ofxMidi\src\ofxMidiMessage.cpp">
      <Filter>addons\ofxMidi\src</Filter>
    </ClCompile>
    <ClCompile Include="..\..\..\addons\ofxMidi\src\ofxMidiOut.cpp">
      <Filter>addons\ofxMidi\src</Filter>
    </ClCompile>
    <ClCompile Include="..\..\..\addons\ofxMidi\src\desktop\ofxRtMidiIn.cpp">
      <Filter>addons\ofxMidi\src\desktop</Filter>
    </ClCompile>
    <ClCompile Include="..\..\..\addons\ofxMidi\src\desktop\ofxRtMidiOut.cpp">
      <Filter>addons\ofxMidi\src\desktop</Filter>
    </ClCompile>
    <ClCompile Include="..\..\..\addons\ofxMidi\libs\rtmidi\RtMidi.cpp">
      <Filter>addons\ofxMidi\libs\rtmidi</Filter>
    </ClCompile>
  </ItemGroup>
  <ItemGroup>
    <Filter Include="src">
      <UniqueIdentifier>{d8376475-7454-4a24-b08a-aac121d3ad6f}</UniqueIdentifier>
    </Filter>
    <Filter Include="addons">
      <UniqueIdentifier>{7c3b25d9-0535-4f30-a58e-1f8dda9ae2d2}</UniqueIdentifier>
    </Filter>
    <Filter Include="addons\ofxMidi">
      <UniqueIdentifier>{0536558d-099d-459f-85b6-599fe637fbf1}</UniqueIdentifier>
    </Filter>
    <Filter Include="addons\ofxMidi\src">
      <UniqueIdentifier>{6ed89056-0087-41ca-90d2-f3bb13d2e0e9}</UniqueIdentifier>
    </Filter>
    <Filter Include="addons\ofxMidi\src\desktop">
      <UniqueIdentifier>{73ac2184-14b6-4035-a432-62c9caedfd94}</UniqueIdentifier>
    </Filter>
    <Filter Include="addons\ofxMidi\src\ios">
      <UniqueIdentifier>{9f8bbf11-6843-4b9c-9254-422c91de8344}</UniqueIdentifier>
    </Filter>
    <Filter Include="addons\ofxMidi\libs">
      <UniqueIdentifier>{af5ef639-d273-4f0d-a718-e19bc3914ab1}</UniqueIdentifier>
    </Filter>
    <Filter Include="addons\ofxMidi\libs\pgmidi">
      <UniqueIdentifier>{6659428a-9c86-4e41-b32d-2173b3f69214}</UniqueIdentifier>
    </Filter>
    <Filter Include="addons\ofxMidi\libs\rtmidi">
      <UniqueIdentifier>{7059a96e-4e22-4d53-910e-17a046decf6d}</UniqueIdentifier>
    </Filter>
  </ItemGroup>
  <ItemGroup>
    <ClInclude Include="src\ofApp.h">
      <Filter>src</Filter>
    </ClInclude>
    <ClInclude Include="..\..\..\addons\ofxMidi\src\ofxBaseMidi.h">
      <Filter>addons\ofxMidi\src</Filter>
    </ClInclude>
    <ClInclude Include="..\..\..\addons\ofxMidi\src\ofxMidi.h">
      <Filter>addons\ofxMidi\src</Filter>
    </ClInclude>
    <ClInclude Include="..\..\..\addons\ofxMidi\src\ofxMidiConstants.h">
      <Filter>addons\ofxMidi\src</Filter>
    </ClInclude>
    <ClInclude Include="..\..\..\addons\ofxMidi\src\ofxMidiIn.h">
      <Filter>addons\ofxMidi\src</Filter>
    </ClInclude>
    <ClInclude Include="..\..\..\addons\ofxMidi\src\ofxMidiMessage.h">
      <Filter>addons\ofxMidi\src</Filter>
    </ClInclude>
    <ClInclude Include="..\..\..\addons\ofxMidi\src\ofxMidiOut.h">
      <Filter>addons\ofxMidi\src</Filter>
    </ClInclude>
    <ClInclude Include="..\..\..\addons\ofxMidi\src\ofxMidiTypes.h">
      <Filter>addons\ofxMidi\src</Filter>
    </ClInclude>
    <ClInclude Include="..\..\..\addons\ofxMidi\src\desktop\ofxRtMidiIn.h">
      <Filter>addons\ofxMidi\src\desktop</Filter>
    </ClInclude>
    <ClInclude Include="..\..\..\addons\ofxMidi\src\desktop\ofxRtMidiOut.h">
      <Filter>addons\ofxMidi\src\desktop</Filter>
    </ClInclude>
    <ClInclude Include="..\..\..\addons\ofxMidi\src\ios\ofxPGMidiContext.h">
      <Filter>addons\ofxMidi\src\ios</Filter>
    </ClInclude>
    <ClInclude Include="..\..\..\addons\ofxMidi\src\ios\ofxPGMidiDelegate.h">
      <Filter>addons\ofxMidi\src\ios</Filter>
    </ClInclude>
    <ClInclude Include="..\..\..\addons\ofxMidi\src\ios\ofxPGMidiIn.h">
      <Filter>addons\ofxMidi\src\ios</Filter>
    </ClInclude>
    <ClInclude Include="..\..\..\addons\ofxMidi\src\ios\ofxPGMidiOut.h">
      <Filter>addons\ofxMidi\src\ios</Filter>
    </ClInclude>
    <ClInclude Include="..\..\..\addons\ofxMidi\src\ios\ofxPGMidiSourceDelegate.h">
      <Filter>addons\ofxMidi\src\ios</Filter>
    </ClInclude>
    <ClInclude Include="..\..\..\addons\ofxMidi\libs\pgmidi\iOSVersionDetection.h">
      <Filter>addons\ofxMidi\libs\pgmidi</Filter>
    </ClInclude>
    <ClInclude Include="..\..\..\addons\ofxMidi\libs\pgmidi\PGArc.h">
      <Filter>addons\ofxMidi\libs\pgmidi</Filter>
    </ClInclude>
    <ClInclude Include="..\..\..\addons\ofxMidi\libs\pgmidi\PGMidi.h">
      <Filter>addons\ofxMidi\libs\pgmidi</Filter>
    </ClInclude>
    <ClInclude Include="..\..\..\addons\ofxMidi\libs\pgmidi\PGMidiAllSources.h">
      <Filter>addons\ofxMidi\libs\pgmidi</Filter>
    </ClInclude>
    <ClInclude Include="..\..\..\addons\ofxMidi\libs\pgmidi\PGMidiFind.h">
      <Filter>addons\ofxMidi\libs\pgmidi</Filter>
    </ClInclude>
    <ClInclude Include="..\..\..\addons\ofxMidi\libs\rtmidi\RtMidi.h">
      <Filter>addons\ofxMidi\libs\rtmidi</Filter>
    </ClInclude>
  </ItemGroup>
  <ItemGroup>
    <ResourceCompile Include="icon.rc" />
  </ItemGroup>
</Project>