<?xml version="1.0" encoding="utf-8"?>
<Project ToolsVersion="4.0" xmlns="http://schemas.microsoft.com/developer/msbuild/2003">
  <ItemGroup>
    <ClCompile Include="src\ofApp.cpp">
      <Filter>src</Filter>
    </ClCompile>
    <ClCompile Include="src\main.cpp">
      <Filter>src</Filter>
    </ClCompile>
    <ClCompile Include="..\..\..\addons\ofxNetwork\src\ofxTCPClient.cpp">
      <Filter>addons\ofxNetwork\src</Filter>
    </ClCompile>
    <ClCompile Include="..\..\..\addons\ofxNetwork\src\ofxTCPManager.cpp">
      <Filter>addons\ofxNetwork\src</Filter>
    </ClCompile>
    <ClCompile Include="..\..\..\addons\ofxNetwork\src\ofxTCPServer.cpp">
      <Filter>addons\ofxNetwork\src</Filter>
    </ClCompile>
    <ClCompile Include="..\..\..\addons\ofxNetwork\src\ofxUDPManager.cpp">
      <Filter>addons\ofxNetwork\src</Filter>
    </ClCompile>
    <ClCompile Include="..\..\..\addons\ofxBiquadFilter\src\ofxBiquadFilter.cpp">
      <Filter>addons\ofxBiquadFilter\src</Filter>
    </ClCompile>
    <ClCompile Include="..\..\..\addons\ofxBiquadFilter\src\ofxBiquadFilterInstance.cpp">
      <Filter>addons\ofxBiquadFilter\src</Filter>
    </ClCompile>
    <ClCompile Include="..\..\..\addons\ofxFft\src\ofxEasyFft.cpp">
      <Filter>addons\ofxFft\src</Filter>
    </ClCompile>
    <ClCompile Include="..\..\..\addons\ofxFft\src\ofxFft.cpp">
      <Filter>addons\ofxFft\src</Filter>
    </ClCompile>
    <ClCompile Include="..\..\..\addons\ofxFft\src\ofxFftBasic.cpp">
      <Filter>addons\ofxFft\src</Filter>
    </ClCompile>
    <ClCompile Include="..\..\..\addons\ofxFft\src\ofxFftw.cpp">
      <Filter>addons\ofxFft\src</Filter>
    </ClCompile>
    <ClCompile Include="..\..\..\addons\ofxFft\src\ofxProcessFFT.cpp">
      <Filter>addons\ofxFft\src</Filter>
    </ClCompile>
    <ClCompile Include="..\..\..\addons\ofxFft\libs\kiss\kiss_fft.c">
      <Filter>addons\ofxFft\libs\kiss</Filter>
    </ClCompile>
    <ClCompile Include="..\..\..\addons\ofxFft\libs\kiss\kiss_fftr.c">
      <Filter>addons\ofxFft\libs\kiss</Filter>
    </ClCompile>
    <ClCompile Include="..\..\..\addons\ofxJSON\src\ofxJSONElement.cpp">
      <Filter>addons\ofxJSON\src</Filter>
    </ClCompile>
    <ClCompile Include="..\..\..\addons\ofxJSON\libs\jsoncpp\src\jsoncpp.cpp">
      <Filter>addons\ofxJSON\libs\jsoncpp\src</Filter>
    </ClCompile>
    <ClCompile Include="..\..\..\addons\ofxOscilloscope\src\ofxOscilloscope.cpp">
      <Filter>addons\ofxOscilloscope\src</Filter>
    </ClCompile>
    <ClCompile Include="..\..\..\addons\ofxThreadedLogger\src\ofxThreadedLogger.cpp">
      <Filter>addons\ofxThreadedLogger\src</Filter>
    </ClCompile>
    <ClCompile Include="..\..\..\addons\ofxOpenBciWifi\src\ofxOpenBciWifi.cpp">
      <Filter>addons\ofxOpenBciWifi\src</Filter>
    </ClCompile>
  </ItemGroup>
  <ItemGroup>
    <Filter Include="src">
      <UniqueIdentifier>{d8376475-7454-4a24-b08a-aac121d3ad6f}</UniqueIdentifier>
    </Filter>
    <Filter Include="addons">
      <UniqueIdentifier>{6e07bf0f-898d-4469-ae96-eb19c03e88c7}</UniqueIdentifier>
    </Filter>
    <Filter Include="addons\ofxNetwork">
      <UniqueIdentifier>{7ebc19b9-4e3f-4d6b-acb1-ad1c71ffbd57}</UniqueIdentifier>
    </Filter>
    <Filter Include="addons\ofxNetwork\src">
      <UniqueIdentifier>{4d65af5a-cd73-4a81-bcf5-81c5405bc5b6}</UniqueIdentifier>
    </Filter>
    <Filter Include="addons\ofxBiquadFilter">
      <UniqueIdentifier>{8fc91adc-c1d8-4594-b33f-28ab80351c66}</UniqueIdentifier>
    </Filter>
    <Filter Include="addons\ofxBiquadFilter\src">
      <UniqueIdentifier>{862316e3-54ef-4f19-8c74-062d3750d375}</UniqueIdentifier>
    </Filter>
    <Filter Include="addons\ofxFft">
      <UniqueIdentifier>{a4a13fce-05db-4d04-9175-bc2ed7a1deea}</UniqueIdentifier>
    </Filter>
    <Filter Include="addons\ofxFft\src">
      <UniqueIdentifier>{f400f701-2507-4d9e-a6ac-5d026ee23b3a}</UniqueIdentifier>
    </Filter>
    <Filter Include="addons\ofxFft\libs">
      <UniqueIdentifier>{0796a187-1735-4c89-abe1-2a840c6c378d}</UniqueIdentifier>
    </Filter>
    <Filter Include="addons\ofxFft\libs\fftw">
      <UniqueIdentifier>{5c665de6-8b6f-42ed-a9e0-3804f51480b3}</UniqueIdentifier>
    </Filter>
    <Filter Include="addons\ofxFft\libs\fftw\include">
      <UniqueIdentifier>{0e522d82-709e-4cbc-8cf2-6c309d9a060f}</UniqueIdentifier>
    </Filter>
    <Filter Include="addons\ofxFft\libs\kiss">
      <UniqueIdentifier>{5e1c3288-f71b-4dce-9c65-56be278c3294}</UniqueIdentifier>
    </Filter>
    <Filter Include="addons\ofxJSON">
      <UniqueIdentifier>{74193497-e71b-48f2-a611-298e1715dec9}</UniqueIdentifier>
    </Filter>
    <Filter Include="addons\ofxJSON\src">
      <UniqueIdentifier>{711660fb-0362-4550-895d-c5aaed3290f1}</UniqueIdentifier>
    </Filter>
    <Filter Include="addons\ofxJSON\libs">
      <UniqueIdentifier>{dedd1a31-4c71-48d8-9987-014b590b11ae}</UniqueIdentifier>
    </Filter>
    <Filter Include="addons\ofxJSON\libs\jsoncpp">
      <UniqueIdentifier>{70ddb63e-1546-4950-90db-76921a4976ae}</UniqueIdentifier>
    </Filter>
    <Filter Include="addons\ofxJSON\libs\jsoncpp\include">
      <UniqueIdentifier>{614b2c0f-8902-4f6e-94c7-489f01305a0a}</UniqueIdentifier>
    </Filter>
    <Filter Include="addons\ofxJSON\libs\jsoncpp\include\json">
      <UniqueIdentifier>{c2e0b224-39d3-4968-bf24-39203400443c}</UniqueIdentifier>
    </Filter>
    <Filter Include="addons\ofxJSON\libs\jsoncpp\src">
      <UniqueIdentifier>{9dc0cb05-0ed5-4705-b7c6-3d4746c2f297}</UniqueIdentifier>
    </Filter>
    <Filter Include="addons\ofxOscilloscope">
      <UniqueIdentifier>{b53683a1-fcba-416c-87de-b76e13ce02bf}</UniqueIdentifier>
    </Filter>
    <Filter Include="addons\ofxOscilloscope\src">
      <UniqueIdentifier>{85c8ea96-d5f2-4170-9ad7-359a6f4b63ea}</UniqueIdentifier>
    </Filter>
    <Filter Include="addons\ofxThreadedLogger">
      <UniqueIdentifier>{558f4cf6-734d-4615-b68b-3e08c2ca19bb}</UniqueIdentifier>
    </Filter>
    <Filter Include="addons\ofxThreadedLogger\src">
      <UniqueIdentifier>{9eca681b-d1a5-41bd-8384-7e958b778800}</UniqueIdentifier>
    </Filter>
    <Filter Include="addons\ofxOpenBciWifi">
      <UniqueIdentifier>{821d5f6c-e523-439c-8e06-5bb8e9fc09af}</UniqueIdentifier>
    </Filter>
    <Filter Include="addons\ofxOpenBciWifi\src">
      <UniqueIdentifier>{1ea80ec5-24a0-4db8-8b2a-e347d6232a4c}</UniqueIdentifier>
    </Filter>
  </ItemGroup>
  <ItemGroup>
    <ClInclude Include="src\ofApp.h">
      <Filter>src</Filter>
    </ClInclude>
    <ClInclude Include="..\..\..\addons\ofxNetwork\src\ofxNetwork.h">
      <Filter>addons\ofxNetwork\src</Filter>
    </ClInclude>
    <ClInclude Include="..\..\..\addons\ofxNetwork\src\ofxNetworkUtils.h">
      <Filter>addons\ofxNetwork\src</Filter>
    </ClInclude>
    <ClInclude Include="..\..\..\addons\ofxNetwork\src\ofxTCPClient.h">
      <Filter>addons\ofxNetwork\src</Filter>
    </ClInclude>
    <ClInclude Include="..\..\..\addons\ofxNetwork\src\ofxTCPManager.h">
      <Filter>addons\ofxNetwork\src</Filter>
    </ClInclude>
    <ClInclude Include="..\..\..\addons\ofxNetwork\src\ofxTCPServer.h">
      <Filter>addons\ofxNetwork\src</Filter>
    </ClInclude>
    <ClInclude Include="..\..\..\addons\ofxNetwork\src\ofxUDPManager.h">
      <Filter>addons\ofxNetwork\src</Filter>
    </ClInclude>
    <ClInclude Include="..\..\..\addons\ofxBiquadFilter\src\ofxBiquadFilter.h">
      <Filter>addons\ofxBiquadFilter\src</Filter>
    </ClInclude>
    <ClInclude Include="..\..\..\addons\ofxBiquadFilter\src\ofxBiquadFilterInstance.h">
      <Filter>addons\ofxBiquadFilter\src</Filter>
    </ClInclude>
    <ClInclude Include="..\..\..\addons\ofxFft\src\ofxEasyFft.h">
      <Filter>addons\ofxFft\src</Filter>
    </ClInclude>
    <ClInclude Include="..\..\..\addons\ofxFft\src\ofxFft.h">
      <Filter>addons\ofxFft\src</Filter>
    </ClInclude>
    <ClInclude Include="..\..\..\addons\ofxFft\src\ofxFftBasic.h">
      <Filter>addons\ofxFft\src</Filter>
    </ClInclude>
    <ClInclude Include="..\..\..\addons\ofxFft\src\ofxFftw.h">
      <Filter>addons\ofxFft\src</Filter>
    </ClInclude>
    <ClInclude Include="..\..\..\addons\ofxFft\src\ofxProcessFFT.h">
      <Filter>addons\ofxFft\src</Filter>
    </ClInclude>
    <ClInclude Include="..\..\..\addons\ofxFft\libs\fftw\include\fftw3.h">
      <Filter>addons\ofxFft\libs\fftw\include</Filter>
    </ClInclude>
    <ClInclude Include="..\..\..\addons\ofxFft\libs\kiss\kiss_fft.h">
      <Filter>addons\ofxFft\libs\kiss</Filter>
    </ClInclude>
    <ClInclude Include="..\..\..\addons\ofxFft\libs\kiss\kiss_fftr.h">
      <Filter>addons\ofxFft\libs\kiss</Filter>
    </ClInclude>
    <ClInclude Include="..\..\..\addons\ofxFft\libs\kiss\_kiss_fft_guts.h">
      <Filter>addons\ofxFft\libs\kiss</Filter>
    </ClInclude>
    <ClInclude Include="..\..\..\addons\ofxJSON\src\ofxJSON.h">
      <Filter>addons\ofxJSON\src</Filter>
    </ClInclude>
    <ClInclude Include="..\..\..\addons\ofxJSON\src\ofxJSONElement.h">
      <Filter>addons\ofxJSON\src</Filter>
    </ClInclude>
    <ClInclude Include="..\..\..\addons\ofxJSON\libs\jsoncpp\include\json\json-forwards.h">
      <Filter>addons\ofxJSON\libs\jsoncpp\include\json</Filter>
    </ClInclude>
    <ClInclude Include="..\..\..\addons\ofxJSON\libs\jsoncpp\include\json\json.h">
      <Filter>addons\ofxJSON\libs\jsoncpp\include\json</Filter>
    </ClInclude>
    <ClInclude Include="..\..\..\addons\ofxOscilloscope\src\ofxOscilloscope.h">
      <Filter>addons\ofxOscilloscope\src</Filter>
    </ClInclude>
    <ClInclude Include="..\..\..\addons\ofxThreadedLogger\src\ofxThreadedLogger.h">
      <Filter>addons\ofxThreadedLogger\src</Filter>
    </ClInclude>
    <ClInclude Include="..\..\..\addons\ofxOpenBciWifi\src\ofxOpenBciWifi.h">
      <Filter>addons\ofxOpenBciWifi\src</Filter>
    </ClInclude>
  </ItemGroup>
  <ItemGroup>
    <ResourceCompile Include="icon.rc" />
  </ItemGroup>
</Project>